
Microsoft Visual Studio Solution File, Format Version 12.00
# Visual Studio 14
VisualStudioVersion = 14.0.25420.1
MinimumVisualStudioVersion = 10.0.40219.1
Project("{2150E333-8FDC-42A3-9474-1A3956D46DE8}") = "Ref Code", "Ref Code", "{C0E8C6DD-2B8C-4CC4-942C-A47B6C6C6552}"
EndProject
Project("{8BC9CEB8-8B4A-11D0-8D11-00A0C91BC942}") = "A08", "\\banner.main.ad.rit.edu\students\ltr6702\IGMProfile\Documents\ReEngineApp_2016s\A08 - Final\A08.vcxproj", "{635F6252-1CFD-402C-A66D-775610C6220F}"
EndProject
Project("{8BC9CEB8-8B4A-11D0-8D11-00A0C91BC942}") = "W9R_BoundingSphereDEMO", "Re_Box_ICE\W9R_BoundingSphereDEMO.vcxproj", "{625922B3-FF5F-49AF-84A3-8E4BAD5B8DC4}"
EndProject
Global
	GlobalSection(SolutionConfigurationPlatforms) = preSolution
		Debug|x64 = Debug|x64
		Debug|x86 = Debug|x86
		Release|x64 = Release|x64
		Release|x86 = Release|x86
	EndGlobalSection
	GlobalSection(ProjectConfigurationPlatforms) = postSolution
		{635F6252-1CFD-402C-A66D-775610C6220F}.Debug|x64.ActiveCfg = Debug|Win32
		{635F6252-1CFD-402C-A66D-775610C6220F}.Debug|x86.ActiveCfg = Debug|Win32
		{635F6252-1CFD-402C-A66D-775610C6220F}.Debug|x86.Build.0 = Debug|Win32
		{635F6252-1CFD-402C-A66D-775610C6220F}.Release|x64.ActiveCfg = Release|Win32
		{635F6252-1CFD-402C-A66D-775610C6220F}.Release|x86.ActiveCfg = Release|Win32
		{635F6252-1CFD-402C-A66D-775610C6220F}.Release|x86.Build.0 = Release|Win32
		{625922B3-FF5F-49AF-84A3-8E4BAD5B8DC4}.Debug|x64.ActiveCfg = Debug|Win32
		{625922B3-FF5F-49AF-84A3-8E4BAD5B8DC4}.Debug|x86.ActiveCfg = Debug|Win32
		{625922B3-FF5F-49AF-84A3-8E4BAD5B8DC4}.Debug|x86.Build.0 = Debug|Win32
		{625922B3-FF5F-49AF-84A3-8E4BAD5B8DC4}.Release|x64.ActiveCfg = Release|Win32
		{625922B3-FF5F-49AF-84A3-8E4BAD5B8DC4}.Release|x86.ActiveCfg = Release|Win32
		{625922B3-FF5F-49AF-84A3-8E4BAD5B8DC4}.Release|x86.Build.0 = Release|Win32
	EndGlobalSection
	GlobalSection(SolutionProperties) = preSolution
		HideSolutionNode = FALSE
	EndGlobalSection
	GlobalSection(NestedProjects) = preSolution
		{635F6252-1CFD-402C-A66D-775610C6220F} = {C0E8C6DD-2B8C-4CC4-942C-A47B6C6C6552}
	EndGlobalSection
EndGlobal
